hash: 1689e14e5968973a5ff87c06c21b745278e33ca59f486b19f4d02a1a525f9ff8
updated: 2016-02-15T15:17:12.400206637-08:00
imports:
- name: github.com/arschles/assert
  version: 6882f85ccdc7c1822b146d1a6b0c2c48f91b5140
- name: github.com/aybabtme/rgbterm
  version: c9a1bdb3761d262af7109d6463977046dafde36e
- name: github.com/codegangsta/cli
  version: 0302d3914d2a6ad61404584cdae6e6dbc9c03599
- name: github.com/dustin/go-humanize
  version: 8929fe90cee4b2cb9deb468b51fb34eba64d1bf0
- name: github.com/fsouza/go-dockerclient
  version: e0d22d30691bcc996eca51f729a4777b8c7dc2a8
  subpackages:
  - external/github.com/docker/docker/opts
  - external/github.com/docker/docker/pkg/archive
  - external/github.com/docker/docker/pkg/fileutils
  - external/github.com/docker/docker/pkg/homedir
  - external/github.com/docker/docker/pkg/stdcopy
  - external/github.com/hashicorp/go-cleanhttp
  - external/github.com/docker/docker/pkg/parsers
  - external/github.com/docker/docker/pkg/ulimit
  - external/github.com/Sirupsen/logrus
  - external/github.com/docker/docker/pkg/idtools
  - external/github.com/docker/docker/pkg/ioutils
  - external/github.com/docker/docker/pkg/pools
  - external/github.com/docker/docker/pkg/promise
  - external/github.com/docker/docker/pkg/system
  - external/github.com/opencontainers/runc/libcontainer/user
- name: github.com/gorilla/context
  version: 1c83b3eabd45b6d76072b66b746c20815fb2872d
- name: github.com/gorilla/mux
  version: 26a6070f849969ba72b72256e9f14cf519751690
- name: github.com/labstack/gommon
  version: cc4f2986014fdd1f2e7800b3c082af17cad28db2
  subpackages:
  - color
- name: github.com/pborman/uuid
  version: cd53251766d76cf1969596428dc09c7b97956eeb
- name: gopkg.in/yaml.v2
  version: f7716cbe52baa25d2e9b0d0da546fcf909fc16b4
devImports: []
